
Microsoft Visual Studio Solution File, Format Version 12.00
# Visual Studio Version 17
VisualStudioVersion = 17.5.33516.290
MinimumVisualStudioVersion = 10.0.40219.1
Project("{9A19103F-16F7-4668-BE54-9A1E7A4F7556}") = "HighlanderConsoleGame", "HighlanderConsoleGame.csproj", "{722E1DB5-28A9-4552-AAF1-2DD8B843AA61}"
EndProject
Global
	GlobalSection(SolutionConfigurationPlatforms) = preSolution
		Debug|Any CPU = Debug|Any CPU
		Release|Any CPU = Release|Any CPU
	EndGlobalSection
	GlobalSection(ProjectConfigurationPlatforms) = postSolution
		{722E1DB5-28A9-4552-AAF1-2DD8B843AA61}.Debug|Any CPU.ActiveCfg = Debug|Any CPU
		{722E1DB5-28A9-4552-AAF1-2DD8B843AA61}.Debug|Any CPU.Build.0 = Debug|Any CPU
		{722E1DB5-28A9-4552-AAF1-2DD8B843AA61}.Release|Any CPU.ActiveCfg = Release|Any CPU
		{722E1DB5-28A9-4552-AAF1-2DD8B843AA61}.Release|Any CPU.Build.0 = Release|Any CPU
	EndGlobalSection
	GlobalSection(SolutionProperties) = preSolution
		HideSolutionNode = FALSE
	EndGlobalSection
	GlobalSection(ExtensibilityGlobals) = postSolution
		SolutionGuid = {A9A99D5F-0D4C-46CD-891F-05D718FA45E9}
	EndGlobalSection
EndGlobal
